lockfileVersion: '9.0'

settings:
  autoInstallPeers: true
  excludeLinksFromLockfile: false

importers:

  .:
    dependencies:
      playwright-core:
        specifier: ^1.62.1
        version: 1.62.1

packages:

  playwright-core@1.62.1:
    resolution: {integrity: sha512-wPYSwEBJY9GHraISXqyqtx0na0LpO3XEX7jNDhntbex7tzUS7kLnZsOlFruFJB4Hi/rhDMjXGqHewDZ68nYZVw==, tarball: https://registry.npmjs.org/playwright-core/-/playwright-core-1.62.1.tgz}
    engines: {node: '>=20'}
    hasBin: true

snapshots:

  playwright-core@1.62.1: {}
